
Microsoft Visual Studio Solution File, Format Version 12.00
# Visual Studio Version 16
VisualStudioVersion = 16.0.29728.190
MinimumVisualStudioVersion = 10.0.40219.1
Project("{FAE04EC0-301F-11D3-BF4B-00C04F79EFBC}") = "step4.generics", "step4.generics\step4.generics.csproj", "{8134AD09-3809-41E0-8F00-7D9AD2C20A5A}"
EndProject
Global
	GlobalSection(SolutionConfigurationPlatforms) = preSolution
		Debug|Any CPU = Debug|Any CPU
		Release|Any CPU = Release|Any CPU
	EndGlobalSection
	GlobalSection(ProjectConfigurationPlatforms) = postSolution
		{8134AD09-3809-41E0-8F00-7D9AD2C20A5A}.Debug|Any CPU.ActiveCfg = Debug|Any CPU
		{8134AD09-3809-41E0-8F00-7D9AD2C20A5A}.Debug|Any CPU.Build.0 = Debug|Any CPU
		{8134AD09-3809-41E0-8F00-7D9AD2C20A5A}.Release|Any CPU.ActiveCfg = Release|Any CPU
		{8134AD09-3809-41E0-8F00-7D9AD2C20A5A}.Release|Any CPU.Build.0 = Release|Any CPU
	EndGlobalSection
	GlobalSection(SolutionProperties) = preSolution
		HideSolutionNode = FALSE
	EndGlobalSection
	GlobalSection(ExtensibilityGlobals) = postSolution
		SolutionGuid = {E97EDAA1-7EF3-4E5C-884B-725F559E23B4}
	EndGlobalSection
EndGlobal
